
Microsoft Visual Studio Solution File, Format Version 12.00
# Visual Studio Version 16
VisualStudioVersion = 16.0.29009.5
MinimumVisualStudioVersion = 10.0.40219.1
Project("{FAE04EC0-301F-11D3-BF4B-00C04F79EFBC}") = "uwpWeather", "uwpWeather.csproj", "{F03D0E86-072B-480C-90A4-E69763A0B42C}"
EndProject
Global
	GlobalSection(SolutionConfigurationPlatforms) = preSolution
		Debug|ARM = Debug|ARM
		Debug|ARM64 = Debug|ARM64
		Debug|x64 = Debug|x64
		Debug|x86 = Debug|x86
		Release|ARM = Release|ARM
		Release|ARM64 = Release|ARM64
		Release|x64 = Release|x64
		Release|x86 = Release|x86
	EndGlobalSection
	GlobalSection(ProjectConfigurationPlatforms) = postSolution
		{F03D0E86-072B-480C-90A4-E69763A0B42C}.Debug|ARM.ActiveCfg = Debug|ARM
		{F03D0E86-072B-480C-90A4-E69763A0B42C}.Debug|ARM.Build.0 = Debug|ARM
		{F03D0E86-072B-480C-90A4-E69763A0B42C}.Debug|ARM.Deploy.0 = Debug|ARM
		{F03D0E86-072B-480C-90A4-E69763A0B42C}.Debug|ARM64.ActiveCfg = Debug|ARM64
		{F03D0E86-072B-480C-90A4-E69763A0B42C}.Debug|ARM64.Build.0 = Debug|ARM64
		{F03D0E86-072B-480C-90A4-E69763A0B42C}.Debug|ARM64.Deploy.0 = Debug|ARM64
		{F03D0E86-072B-480C-90A4-E69763A0B42C}.Debug|x64.ActiveCfg = Debug|x64
		{F03D0E86-072B-480C-90A4-E69763A0B42C}.Debug|x64.Build.0 = Debug|x64
		{F03D0E86-072B-480C-90A4-E69763A0B42C}.Debug|x64.Deploy.0 = Debug|x64
		{F03D0E86-072B-480C-90A4-E69763A0B42C}.Debug|x86.ActiveCfg = Debug|x86
		{F03D0E86-072B-480C-90A4-E69763A0B42C}.Debug|x86.Build.0 = Debug|x86
		{F03D0E86-072B-480C-90A4-E69763A0B42C}.Debug|x86.Deploy.0 = Debug|x86
		{F03D0E86-072B-480C-90A4-E69763A0B42C}.Release|ARM.ActiveCfg = Release|ARM
		{F03D0E86-072B-480C-90A4-E69763A0B42C}.Release|ARM.Build.0 = Release|ARM
		{F03D0E86-072B-480C-90A4-E69763A0B42C}.Release|ARM.Deploy.0 = Release|ARM
		{F03D0E86-072B-480C-90A4-E69763A0B42C}.Release|ARM64.ActiveCfg = Release|ARM64
		{F03D0E86-072B-480C-90A4-E69763A0B42C}.Release|ARM64.Build.0 = Release|ARM64
		{F03D0E86-072B-480C-90A4-E69763A0B42C}.Release|ARM64.Deploy.0 = Release|ARM64
		{F03D0E86-072B-480C-90A4-E69763A0B42C}.Release|x64.ActiveCfg = Release|x64
		{F03D0E86-072B-480C-90A4-E69763A0B42C}.Release|x64.Build.0 = Release|x64
		{F03D0E86-072B-480C-90A4-E69763A0B42C}.Release|x64.Deploy.0 = Release|x64
		{F03D0E86-072B-480C-90A4-E69763A0B42C}.Release|x86.ActiveCfg = Release|x86
		{F03D0E86-072B-480C-90A4-E69763A0B42C}.Release|x86.Build.0 = Release|x86
		{F03D0E86-072B-480C-90A4-E69763A0B42C}.Release|x86.Deploy.0 = Release|x86
	EndGlobalSection
	GlobalSection(SolutionProperties) = preSolution
		HideSolutionNode = FALSE
	EndGlobalSection
	GlobalSection(ExtensibilityGlobals) = postSolution
		SolutionGuid = {B294CC59-8856-4138-A93B-7CD365383C7B}
	EndGlobalSection
EndGlobal
